
Microsoft Visual Studio Solution File, Format Version 12.00
# Visual Studio Version 17
VisualStudioVersion = 17.5.002.0
MinimumVisualStudioVersion = 10.0.40219.1
Project("{9A19103F-16F7-4668-BE54-9A1E7A4F7556}") = "Final", "Final\Final.csproj", "{7FEF3092-E511-4AB6-B432-454A2F1CB470}"
EndProject
Project("{9A19103F-16F7-4668-BE54-9A1E7A4F7556}") = "Starter", "Starter\Starter.csproj", "{EC58A49C-6316-4030-969E-92C608277BFC}"
EndProject
Global
	GlobalSection(SolutionConfigurationPlatforms) = preSolution
		Debug|Any CPU = Debug|Any CPU
		Release|Any CPU = Release|Any CPU
	EndGlobalSection
	GlobalSection(ProjectConfigurationPlatforms) = postSolution
		{7FEF3092-E511-4AB6-B432-454A2F1CB470}.Debug|Any CPU.ActiveCfg = Debug|Any CPU
		{7FEF3092-E511-4AB6-B432-454A2F1CB470}.Debug|Any CPU.Build.0 = Debug|Any CPU
		{7FEF3092-E511-4AB6-B432-454A2F1CB470}.Release|Any CPU.ActiveCfg = Release|Any CPU
		{7FEF3092-E511-4AB6-B432-454A2F1CB470}.Release|Any CPU.Build.0 = Release|Any CPU
		{EC58A49C-6316-4030-969E-92C608277BFC}.Debug|Any CPU.ActiveCfg = Debug|Any CPU
		{EC58A49C-6316-4030-969E-92C608277BFC}.Debug|Any CPU.Build.0 = Debug|Any CPU
		{EC58A49C-6316-4030-969E-92C608277BFC}.Release|Any CPU.ActiveCfg = Release|Any CPU
		{EC58A49C-6316-4030-969E-92C608277BFC}.Release|Any CPU.Build.0 = Release|Any CPU
	EndGlobalSection
	GlobalSection(SolutionProperties) = preSolution
		HideSolutionNode = FALSE
	EndGlobalSection
	GlobalSection(ExtensibilityGlobals) = postSolution
		SolutionGuid = {45837431-DB15-44A8-B9C3-FA82CAD0FA9B}
	EndGlobalSection
EndGlobal
